
Microsoft Visual Studio Solution File, Format Version 12.00
# Visual Studio Version 17
VisualStudioVersion = 17.3.32819.101
MinimumVisualStudioVersion = 10.0.40219.1
Project("{FAE04EC0-301F-11D3-BF4B-00C04F79EFBC}") = "AdubaService", "AdubaService\AdubaService.csproj", "{2CA6503B-9720-49F2-8C2E-E612C85B5940}"
EndProject
Global
	GlobalSection(SolutionConfigurationPlatforms) = preSolution
		Debug|Any CPU = Debug|Any CPU
		Debug|x64 = Debug|x64
		Release|Any CPU = Release|Any CPU
		Release|x64 = Release|x64
	EndGlobalSection
	GlobalSection(ProjectConfigurationPlatforms) = postSolution
		{2CA6503B-9720-49F2-8C2E-E612C85B5940}.Debug|Any CPU.ActiveCfg = Release|x64
		{2CA6503B-9720-49F2-8C2E-E612C85B5940}.Debug|Any CPU.Build.0 = Release|x64
		{2CA6503B-9720-49F2-8C2E-E612C85B5940}.Debug|x64.ActiveCfg = Debug|x64
		{2CA6503B-9720-49F2-8C2E-E612C85B5940}.Debug|x64.Build.0 = Debug|x64
		{2CA6503B-9720-49F2-8C2E-E612C85B5940}.Release|Any CPU.ActiveCfg = Release|Any CPU
		{2CA6503B-9720-49F2-8C2E-E612C85B5940}.Release|Any CPU.Build.0 = Release|Any CPU
		{2CA6503B-9720-49F2-8C2E-E612C85B5940}.Release|x64.ActiveCfg = Release|x64
		{2CA6503B-9720-49F2-8C2E-E612C85B5940}.Release|x64.Build.0 = Release|x64
	EndGlobalSection
	GlobalSection(SolutionProperties) = preSolution
		HideSolutionNode = FALSE
	EndGlobalSection
	GlobalSection(ExtensibilityGlobals) = postSolution
		SolutionGuid = {C8AAD653-8731-4816-9B7E-A8554997D873}
	EndGlobalSection
EndGlobal
